{
  "name": "supply-chain-attack",
  "version": "0.1.9",
  "lockfileVersion": 3,
  "requires": true,
  "packages": {
    "": {
      "name": "supply-chain-attack",
      "version": "0.1.9",
      "license": "MIT",
      "bin": {
        "supply-chain-attack": "bin/supply-chain-attack.js"
      },
      "engines": {
        "node": ">=18"
      }
    }
  }
}
